// !$*UTF8*$!
{
	archiveVersion = 1;
	classes = {
	};
	objectVersion = 50;
	objects = {

/* Begin PBXBuildFile section */
		1FAB3D5A267B232B00DC4662 /* AppDelegate.m in Sources */ = {isa = PBXBuildFile; fileRef = 1FAB3D59267B232B00DC4662 /* AppDelegate.m */; };
		1FAB3D5D267B232B00DC4662 /* SceneDelegate.m in Sources */ = {isa = PBXBuildFile; fileRef = 1FAB3D5C267B232B00DC4662 /* SceneDelegate.m */; };
		1FAB3D63267B232B00DC4662 /* Main.storyboard in Resources */ = {isa = PBXBuildFile; fileRef = 1FAB3D61267B232B00DC4662 /* Main.storyboard */; };
		1FAB3D65267B232E00DC4662 /* Assets.xcassets in Resources */ = {isa = PBXBuildFile; fileRef = 1FAB3D64267B232E00DC4662 /* Assets.xcassets */; };
		1FAB3D68267B232E00DC4662 /* LaunchScreen.storyboard in Resources */ = {isa = PBXBuildFile; fileRef = 1FAB3D66267B232E00DC4662 /* LaunchScreen.storyboard */; };
		1FAB3D6B267B232E00DC4662 /* main.m in Sources */ = {isa = PBXBuildFile; fileRef = 1FAB3D6A267B232E00DC4662 /* main.m */; };
		1FAB3D7B267B254300DC4662 /* HomeTableViewController.m in Sources */ = {isa = PBXBuildFile; fileRef = 1FAB3D7A267B254300DC4662 /* HomeTableViewController.m */; };
		1FAB3D80267B262600DC4662 /* HomeCellModel.m in Sources */ = {isa = PBXBuildFile; fileRef = 1FAB3D7F267B262600DC4662 /* HomeCellModel.m */; };
		1FAB3D83267B978800DC4662 /* Weibo.storyboard in Resources */ = {isa = PBXBuildFile; fileRef = 1FAB3D82267B978800DC4662 /* Weibo.storyboard */; };
		1FAB3D89267B9CB700DC4662 /* WeiboHomeTabController.m in Sources */ = {isa = PBXBuildFile; fileRef = 1FAB3D88267B9CB700DC4662 /* WeiboHomeTabController.m */; };
		1FAB3D90267BA86F00DC4662 /* WeiboHomeTableViewController.m in Sources */ = {isa = PBXBuildFile; fileRef = 1FAB3D8F267BA86F00DC4662 /* WeiboHomeTableViewController.m */; };
		1FAB3D93267BA88700DC4662 /* MessageTableViewController.m in Sources */ = {isa = PBXBuildFile; fileRef = 1FAB3D92267BA88700DC4662 /* MessageTableViewController.m */; };
		1FAB3D96267BA89000DC4662 /* FindTableViewController.m in Sources */ = {isa = PBXBuildFile; fileRef = 1FAB3D95267BA89000DC4662 /* FindTableViewController.m */; };
		1FAB3D99267BA89900DC4662 /* MineTableViewController.m in Sources */ = {isa = PBXBuildFile; fileRef = 1FAB3D98267BA89900DC4662 /* MineTableViewController.m */; };
/* End PBXBuildFile section */

/* Begin PBXFileReference section */
		1FAB3D55267B232B00DC4662 /* LearnAboutOCDemo.app */ = {isa = PBXFileReference; explicitFileType = wrapper.application; includeInIndex = 0; path = LearnAboutOCDemo.app; sourceTree = BUILT_PRODUCTS_DIR; };
		1FAB3D58267B232B00DC4662 /* AppDelegate.h */ = {isa = PBXFileReference; lastKnownFileType = sourcecode.c.h; path = AppDelegate.h; sourceTree = "<group>"; };
		1FAB3D59267B232B00DC4662 /* AppDelegate.m */ = {isa = PBXFileReference; lastKnownFileType = sourcecode.c.objc; path = AppDelegate.m; sourceTree = "<group>"; };
		1FAB3D5B267B232B00DC4662 /* SceneDelegate.h */ = {isa = PBXFileReference; lastKnownFileType = sourcecode.c.h; path = SceneDelegate.h; sourceTree = "<group>"; };
		1FAB3D5C267B232B00DC4662 /* SceneDelegate.m */ = {isa = PBXFileReference; lastKnownFileType = sourcecode.c.objc; path = SceneDelegate.m; sourceTree = "<group>"; };
		1FAB3D62267B232B00DC4662 /* Base */ = {isa = PBXFileReference; lastKnownFileType = file.storyboard; name = Base; path = Base.lproj/Main.storyboard; sourceTree = "<group>"; };
		1FAB3D64267B232E00DC4662 /* Assets.xcassets */ = {isa = PBXFileReference; lastKnownFileType = folder.assetcatalog; path = Assets.xcassets; sourceTree = "<group>"; };
		1FAB3D67267B232E00DC4662 /* Base */ = {isa = PBXFileReference; lastKnownFileType = file.storyboard; name = Base; path = Base.lproj/LaunchScreen.storyboard; sourceTree = "<group>"; };
		1FAB3D69267B232E00DC4662 /* Info.plist */ = {isa = PBXFileReference; lastKnownFileType = text.plist.xml; path = Info.plist; sourceTree = "<group>"; };
		1FAB3D6A267B232E00DC4662 /* main.m */ = {isa = PBXFileReference; lastKnownFileType = sourcecode.c.objc; path = main.m; sourceTree = "<group>"; };
		1FAB3D79267B254300DC4662 /* HomeTableViewController.h */ = {isa = PBXFileReference; lastKnownFileType = sourcecode.c.h; path = HomeTableViewController.h; sourceTree = "<group>"; };
		1FAB3D7A267B254300DC4662 /* HomeTableViewController.m */ = {isa = PBXFileReference; lastKnownFileType = sourcecode.c.objc; path = HomeTableViewController.m; sourceTree = "<group>"; };
		1FAB3D7E267B262600DC4662 /* HomeCellModel.h */ = {isa = PBXFileReference; lastKnownFileType = sourcecode.c.h; path = HomeCellModel.h; sourceTree = "<group>"; };
		1FAB3D7F267B262600DC4662 /* HomeCellModel.m */ = {isa = PBXFileReference; lastKnownFileType = sourcecode.c.objc; path = HomeCellModel.m; sourceTree = "<group>"; };
		1FAB3D82267B978800DC4662 /* Weibo.storyboard */ = {isa = PBXFileReference; lastKnownFileType = file.storyboard; path = Weibo.storyboard; sourceTree = "<group>"; };
		1FAB3D87267B9CB700DC4662 /* WeiboHomeTabController.h */ = {isa = PBXFileReference; lastKnownFileType = sourcecode.c.h; path = WeiboHomeTabController.h; sourceTree = "<group>"; };
		1FAB3D88267B9CB700DC4662 /* WeiboHomeTabController.m */ = {isa = PBXFileReference; lastKnownFileType = sourcecode.c.objc; path = WeiboHomeTabController.m; sourceTree = "<group>"; };
		1FAB3D8E267BA86F00DC4662 /* WeiboHomeTableViewController.h */ = {isa = PBXFileReference; lastKnownFileType = sourcecode.c.h; path = WeiboHomeTableViewController.h; sourceTree = "<group>"; };
		1FAB3D8F267BA86F00DC4662 /* WeiboHomeTableViewController.m */ = {isa = PBXFileReference; lastKnownFileType = sourcecode.c.objc; path = WeiboHomeTableViewController.m; sourceTree = "<group>"; };
		1FAB3D91267BA88700DC4662 /* MessageTableViewController.h */ = {isa = PBXFileReference; lastKnownFileType = sourcecode.c.h; path = MessageTableViewController.h; sourceTree = "<group>"; };
		1FAB3D92267BA88700DC4662 /* MessageTableViewController.m */ = {isa = PBXFileReference; lastKnownFileType = sourcecode.c.objc; path = MessageTableViewController.m; sourceTree = "<group>"; };
		1FAB3D94267BA89000DC4662 /* FindTableViewController.h */ = {isa = PBXFileReference; lastKnownFileType = sourcecode.c.h; path = FindTableViewController.h; sourceTree = "<group>"; };
		1FAB3D95267BA89000DC4662 /* FindTableViewController.m */ = {isa = PBXFileReference; lastKnownFileType = sourcecode.c.objc; path = FindTableViewController.m; sourceTree = "<group>"; };
		1FAB3D97267BA89900DC4662 /* MineTableViewController.h */ = {isa = PBXFileReference; lastKnownFileType = sourcecode.c.h; path = MineTableViewController.h; sourceTree = "<group>"; };
		1FAB3D98267BA89900DC4662 /* MineTableViewController.m */ = {isa = PBXFileReference; lastKnownFileType = sourcecode.c.objc; path = MineTableViewController.m; sourceTree = "<group>"; };
/* End PBXFileReference section */

/* Begin PBXFrameworksBuildPhase section */
		1FAB3D52267B232B00DC4662 /* Frameworks */ = {
			isa = PBXFrameworksBuildPhase;
			buildActionMask = 2147483647;
			files = (
			);
			runOnlyForDeploymentPostprocessing = 0;
		};
/* End PBXFrameworksBuildPhase section */

/* Begin PBXGroup section */
		1FAB3D4C267B232B00DC4662 = {
			isa = PBXGroup;
			children = (
				1FAB3D57267B232B00DC4662 /* LearnAboutOCDemo */,
				1FAB3D56267B232B00DC4662 /* Products */,
			);
			sourceTree = "<group>";
		};
		1FAB3D56267B232B00DC4662 /* Products */ = {
			isa = PBXGroup;
			children = (
				1FAB3D55267B232B00DC4662 /* LearnAboutOCDemo.app */,
			);
			name = Products;
			sourceTree = "<group>";
		};
		1FAB3D57267B232B00DC4662 /* LearnAboutOCDemo */ = {
			isa = PBXGroup;
			children = (
				1FAB3D72267B24D200DC4662 /* AppBaseDelegate */,
				1FAB3D71267B24B600DC4662 /* Home */,
				1FAB3D81267B971000DC4662 /* Weibo */,
				1FAB3D61267B232B00DC4662 /* Main.storyboard */,
				1FAB3D64267B232E00DC4662 /* Assets.xcassets */,
				1FAB3D66267B232E00DC4662 /* LaunchScreen.storyboard */,
				1FAB3D69267B232E00DC4662 /* Info.plist */,
				1FAB3D6A267B232E00DC4662 /* main.m */,
			);
			path = LearnAboutOCDemo;
			sourceTree = "<group>";
		};
		1FAB3D71267B24B600DC4662 /* Home */ = {
			isa = PBXGroup;
			children = (
				1FAB3D7D267B25E900DC4662 /* Models */,
				1FAB3D7C267B25E100DC4662 /* Views */,
				1FAB3D79267B254300DC4662 /* HomeTableViewController.h */,
				1FAB3D7A267B254300DC4662 /* HomeTableViewController.m */,
			);
			path = Home;
			sourceTree = "<group>";
		};
		1FAB3D72267B24D200DC4662 /* AppBaseDelegate */ = {
			isa = PBXGroup;
			children = (
				1FAB3D58267B232B00DC4662 /* AppDelegate.h */,
				1FAB3D59267B232B00DC4662 /* AppDelegate.m */,
				1FAB3D5B267B232B00DC4662 /* SceneDelegate.h */,
				1FAB3D5C267B232B00DC4662 /* SceneDelegate.m */,
			);
			path = AppBaseDelegate;
			sourceTree = "<group>";
		};
		1FAB3D7C267B25E100DC4662 /* Views */ = {
			isa = PBXGroup;
			children = (
			);
			path = Views;
			sourceTree = "<group>";
		};
		1FAB3D7D267B25E900DC4662 /* Models */ = {
			isa = PBXGroup;
			children = (
				1FAB3D7E267B262600DC4662 /* HomeCellModel.h */,
				1FAB3D7F267B262600DC4662 /* HomeCellModel.m */,
			);
			path = Models;
			sourceTree = "<group>";
		};
		1FAB3D81267B971000DC4662 /* Weibo */ = {
			isa = PBXGroup;
			children = (
				1FAB3D82267B978800DC4662 /* Weibo.storyboard */,
				1FAB3D87267B9CB700DC4662 /* WeiboHomeTabController.h */,
				1FAB3D88267B9CB700DC4662 /* WeiboHomeTabController.m */,
				1FAB3D8A267BA7FB00DC4662 /* Home */,
				1FAB3D8B267BA81000DC4662 /* Message */,
				1FAB3D8C267BA82900DC4662 /* Find */,
				1FAB3D8D267BA83400DC4662 /* Mine */,
			);
			path = Weibo;
			sourceTree = "<group>";
		};
		1FAB3D8A267BA7FB00DC4662 /* Home */ = {
			isa = PBXGroup;
			children = (
				1FAB3D8E267BA86F00DC4662 /* WeiboHomeTableViewController.h */,
				1FAB3D8F267BA86F00DC4662 /* WeiboHomeTableViewController.m */,
			);
			path = Home;
			sourceTree = "<group>";
		};
		1FAB3D8B267BA81000DC4662 /* Message */ = {
			isa = PBXGroup;
			children = (
				1FAB3D91267BA88700DC4662 /* MessageTableViewController.h */,
				1FAB3D92267BA88700DC4662 /* MessageTableViewController.m */,
			);
			path = Message;
			sourceTree = "<group>";
		};
		1FAB3D8C267BA82900DC4662 /* Find */ = {
			isa = PBXGroup;
			children = (
				1FAB3D94267BA89000DC4662 /* FindTableViewController.h */,
				1FAB3D95267BA89000DC4662 /* FindTableViewController.m */,
			);
			path = Find;
			sourceTree = "<group>";
		};
		1FAB3D8D267BA83400DC4662 /* Mine */ = {
			isa = PBXGroup;
			children = (
				1FAB3D97267BA89900DC4662 /* MineTableViewController.h */,
				1FAB3D98267BA89900DC4662 /* MineTableViewController.m */,
			);
			path = Mine;
			sourceTree = "<group>";
		};
/* End PBXGroup section */

/* Begin PBXNativeTarget section */
		1FAB3D54267B232B00DC4662 /* LearnAboutOCDemo */ = {
			isa = PBXNativeTarget;
			buildConfigurationList = 1FAB3D6E267B232E00DC4662 /* Build configuration list for PBXNativeTarget "LearnAboutOCDemo" */;
			buildPhases = (
				1FAB3D51267B232B00DC4662 /* Sources */,
				1FAB3D52267B232B00DC4662 /* Frameworks */,
				1FAB3D53267B232B00DC4662 /* Resources */,
			);
			buildRules = (
			);
			dependencies = (
			);
			name = LearnAboutOCDemo;
			productName = LearnAboutOCDemo;
			productReference = 1FAB3D55267B232B00DC4662 /* LearnAboutOCDemo.app */;
			productType = "com.apple.product-type.application";
		};
/* End PBXNativeTarget section */

/* Begin PBXProject section */
		1FAB3D4D267B232B00DC4662 /* Project object */ = {
			isa = PBXProject;
			attributes = {
				LastUpgradeCheck = 1250;
				TargetAttributes = {
					1FAB3D54267B232B00DC4662 = {
						CreatedOnToolsVersion = 12.5;
					};
				};
			};
			buildConfigurationList = 1FAB3D50267B232B00DC4662 /* Build configuration list for PBXProject "LearnAboutOCDemo" */;
			compatibilityVersion = "Xcode 9.3";
			developmentRegion = en;
			hasScannedForEncodings = 0;
			knownRegions = (
				en,
				Base,
			);
			mainGroup = 1FAB3D4C267B232B00DC4662;
			productRefGroup = 1FAB3D56267B232B00DC4662 /* Products */;
			projectDirPath = "";
			projectRoot = "";
			targets = (
				1FAB3D54267B232B00DC4662 /* LearnAboutOCDemo */,
			);
		};
/* End PBXProject section */

/* Begin PBXResourcesBuildPhase section */
		1FAB3D53267B232B00DC4662 /* Resources */ = {
			isa = PBXResourcesBuildPhase;
			buildActionMask = 2147483647;
			files = (
				1FAB3D68267B232E00DC4662 /* LaunchScreen.storyboard in Resources */,
				1FAB3D83267B978800DC4662 /* Weibo.storyboard in Resources */,
				1FAB3D65267B232E00DC4662 /* Assets.xcassets in Resources */,
				1FAB3D63267B232B00DC4662 /* Main.storyboard in Resources */,
			);
			runOnlyForDeploymentPostprocessing = 0;
		};
/* End PBXResourcesBuildPhase section */

/* Begin PBXSourcesBuildPhase section */
		1FAB3D51267B232B00DC4662 /* Sources */ = {
			isa = PBXSourcesBuildPhase;
			buildActionMask = 2147483647;
			files = (
				1FAB3D7B267B254300DC4662 /* HomeTableViewController.m in Sources */,
				1FAB3D89267B9CB700DC4662 /* WeiboHomeTabController.m in Sources */,
				1FAB3D99267BA89900DC4662 /* MineTableViewController.m in Sources */,
				1FAB3D5A267B232B00DC4662 /* AppDelegate.m in Sources */,
				1FAB3D93267BA88700DC4662 /* MessageTableViewController.m in Sources */,
				1FAB3D90267BA86F00DC4662 /* WeiboHomeTableViewController.m in Sources */,
				1FAB3D80267B262600DC4662 /* HomeCellModel.m in Sources */,
				1FAB3D96267BA89000DC4662 /* FindTableViewController.m in Sources */,
				1FAB3D6B267B232E00DC4662 /* main.m in Sources */,
				1FAB3D5D267B232B00DC4662 /* SceneDelegate.m in Sources */,
			);
			runOnlyForDeploymentPostprocessing = 0;
		};
/* End PBXSourcesBuildPhase section */

/* Begin PBXVariantGroup section */
		1FAB3D61267B232B00DC4662 /* Main.storyboard */ = {
			isa = PBXVariantGroup;
			children = (
				1FAB3D62267B232B00DC4662 /* Base */,
			);
			name = Main.storyboard;
			sourceTree = "<group>";
		};
		1FAB3D66267B232E00DC4662 /* LaunchScreen.storyboard */ = {
			isa = PBXVariantGroup;
			children = (
				1FAB3D67267B232E00DC4662 /* Base */,
			);
			name = LaunchScreen.storyboard;
			sourceTree = "<group>";
		};
/* End PBXVariantGroup section */

/* Begin XCBuildConfiguration section */
		1FAB3D6C267B232E00DC4662 /* Debug */ = {
			isa = XCBuildConfiguration;
			buildSettings = {
				ALWAYS_SEARCH_USER_PATHS = NO;
				CLANG_ANALYZER_NONNULL = YES;
				CLANG_ANALYZER_NUMBER_OBJECT_CONVERSION = YES_AGGRESSIVE;
				CLANG_CXX_LANGUAGE_STANDARD = "gnu++14";
				CLANG_CXX_LIBRARY = "libc++";
				CLANG_ENABLE_MODULES = YES;
				CLANG_ENABLE_OBJC_ARC = YES;
				CLANG_ENABLE_OBJC_WEAK = YES;
				CLANG_WARN_BLOCK_CAPTURE_AUTORELEASING = YES;
				CLANG_WARN_BOOL_CONVERSION = YES;
				CLANG_WARN_COMMA = YES;
				CLANG_WARN_CONSTANT_CONVERSION = YES;
				CLANG_WARN_DEPRECATED_OBJC_IMPLEMENTATIONS = YES;
				CLANG_WARN_DIRECT_OBJC_ISA_USAGE = YES_ERROR;
				CLANG_WARN_DOCUMENTATION_COMMENTS = YES;
				CLANG_WARN_EMPTY_BODY = YES;
				CLANG_WARN_ENUM_CONVERSION = YES;
				CLANG_WARN_INFINITE_RECURSION = YES;
				CLANG_WARN_INT_CONVERSION = YES;
				CLANG_WARN_NON_LITERAL_NULL_CONVERSION = YES;
				CLANG_WARN_OBJC_IMPLICIT_RETAIN_SELF = YES;
				CLANG_WARN_OBJC_LITERAL_CONVERSION = YES;
				CLANG_WARN_OBJC_ROOT_CLASS = YES_ERROR;
				CLANG_WARN_QUOTED_INCLUDE_IN_FRAMEWORK_HEADER = YES;
				CLANG_WARN_RANGE_LOOP_ANALYSIS = YES;
				CLANG_WARN_STRICT_PROTOTYPES = YES;
				CLANG_WARN_SUSPICIOUS_MOVE = YES;
				CLANG_WARN_UNGUARDED_AVAILABILITY = YES_AGGRESSIVE;
				CLANG_WARN_UNREACHABLE_CODE = YES;
				CLANG_WARN__DUPLICATE_METHOD_MATCH = YES;
				COPY_PHASE_STRIP = NO;
				DEBUG_INFORMATION_FORMAT = dwarf;
				ENABLE_STRICT_OBJC_MSGSEND = YES;
				ENABLE_TESTABILITY = YES;
				GCC_C_LANGUAGE_STANDARD = gnu11;
				GCC_DYNAMIC_NO_PIC = NO;
				GCC_NO_COMMON_BLOCKS = YES;
				GCC_OPTIMIZATION_LEVEL = 0;
				GCC_PREPROCESSOR_DEFINITIONS = (
					"DEBUG=1",
					"$(inherited)",
				);
				GCC_WARN_64_TO_32_BIT_CONVERSION = YES;
				GCC_WARN_ABOUT_RETURN_TYPE = YES_ERROR;
				GCC_WARN_UNDECLARED_SELECTOR = YES;
				GCC_WARN_UNINITIALIZED_AUTOS = YES_AGGRESSIVE;
				GCC_WARN_UNUSED_FUNCTION = YES;
				GCC_WARN_UNUSED_VARIABLE = YES;
				IPHONEOS_DEPLOYMENT_TARGET = 13.0;
				MTL_ENABLE_DEBUG_INFO = INCLUDE_SOURCE;
				MTL_FAST_MATH = YES;
				ONLY_ACTIVE_ARCH = YES;
				SDKROOT = iphoneos;
			};
			name = Debug;
		};
		1FAB3D6D267B232E00DC4662 /* Release */ = {
			isa = XCBuildConfiguration;
			buildSettings = {
				ALWAYS_SEARCH_USER_PATHS = NO;
				CLANG_ANALYZER_NONNULL = YES;
				CLANG_ANALYZER_NUMBER_OBJECT_CONVERSION = YES_AGGRESSIVE;
				CLANG_CXX_LANGUAGE_STANDARD = "gnu++14";
				CLANG_CXX_LIBRARY = "libc++";
				CLANG_ENABLE_MODULES = YES;
				CLANG_ENABLE_OBJC_ARC = YES;
				CLANG_ENABLE_OBJC_WEAK = YES;
				CLANG_WARN_BLOCK_CAPTURE_AUTORELEASING = YES;
				CLANG_WARN_BOOL_CONVERSION = YES;
				CLANG_WARN_COMMA = YES;
				CLANG_WARN_CONSTANT_CONVERSION = YES;
				CLANG_WARN_DEPRECATED_OBJC_IMPLEMENTATIONS = YES;
				CLANG_WARN_DIRECT_OBJC_ISA_USAGE = YES_ERROR;
				CLANG_WARN_DOCUMENTATION_COMMENTS = YES;
				CLANG_WARN_EMPTY_BODY = YES;
				CLANG_WARN_ENUM_CONVERSION = YES;
				CLANG_WARN_INFINITE_RECURSION = YES;
				CLANG_WARN_INT_CONVERSION = YES;
				CLANG_WARN_NON_LITERAL_NULL_CONVERSION = YES;
				CLANG_WARN_OBJC_IMPLICIT_RETAIN_SELF = YES;
				CLANG_WARN_OBJC_LITERAL_CONVERSION = YES;
				CLANG_WARN_OBJC_ROOT_CLASS = YES_ERROR;
				CLANG_WARN_QUOTED_INCLUDE_IN_FRAMEWORK_HEADER = YES;
				CLANG_WARN_RANGE_LOOP_ANALYSIS = YES;
				CLANG_WARN_STRICT_PROTOTYPES = YES;
				CLANG_WARN_SUSPICIOUS_MOVE = YES;
				CLANG_WARN_UNGUARDED_AVAILABILITY = YES_AGGRESSIVE;
				CLANG_WARN_UNREACHABLE_CODE = YES;
				CLANG_WARN__DUPLICATE_METHOD_MATCH = YES;
				COPY_PHASE_STRIP = NO;
				DEBUG_INFORMATION_FORMAT = "dwarf-with-dsym";
				ENABLE_NS_ASSERTIONS = NO;
				ENABLE_STRICT_OBJC_MSGSEND = YES;
				GCC_C_LANGUAGE_STANDARD = gnu11;
				GCC_NO_COMMON_BLOCKS = YES;
				GCC_WARN_64_TO_32_BIT_CONVERSION = YES;
				GCC_WARN_ABOUT_RETURN_TYPE = YES_ERROR;
				GCC_WARN_UNDECLARED_SELECTOR = YES;
				GCC_WARN_UNINITIALIZED_AUTOS = YES_AGGRESSIVE;
				GCC_WARN_UNUSED_FUNCTION = YES;
				GCC_WARN_UNUSED_VARIABLE = YES;
				IPHONEOS_DEPLOYMENT_TARGET = 13.0;
				MTL_ENABLE_DEBUG_INFO = NO;
				MTL_FAST_MATH = YES;
				SDKROOT = iphoneos;
				VALIDATE_PRODUCT = YES;
			};
			name = Release;
		};
		1FAB3D6F267B232E00DC4662 /* Debug */ = {
			isa = XCBuildConfiguration;
			buildSettings = {
				ASSETCATALOG_COMPILER_APPICON_NAME = AppIcon;
				ASSETCATALOG_COMPILER_GLOBAL_ACCENT_COLOR_NAME = AccentColor;
				CODE_SIGN_STYLE = Automatic;
				INFOPLIST_FILE = LearnAboutOCDemo/Info.plist;
				IPHONEOS_DEPLOYMENT_TARGET = 13.0;
				LD_RUNPATH_SEARCH_PATHS = (
					"$(inherited)",
					"@executable_path/Frameworks",
				);
				PRODUCT_BUNDLE_IDENTIFIER = com.wyz.LearnAboutOCDemo;
				PRODUCT_NAME = "$(TARGET_NAME)";
				TARGETED_DEVICE_FAMILY = "1,2";
			};
			name = Debug;
		};
		1FAB3D70267B232E00DC4662 /* Release */ = {
			isa = XCBuildConfiguration;
			buildSettings = {
				ASSETCATALOG_COMPILER_APPICON_NAME = AppIcon;
				ASSETCATALOG_COMPILER_GLOBAL_ACCENT_COLOR_NAME = AccentColor;
				CODE_SIGN_STYLE = Automatic;
				INFOPLIST_FILE = LearnAboutOCDemo/Info.plist;
				IPHONEOS_DEPLOYMENT_TARGET = 13.0;
				LD_RUNPATH_SEARCH_PATHS = (
					"$(inherited)",
					"@executable_path/Frameworks",
				);
				PRODUCT_BUNDLE_IDENTIFIER = com.wyz.LearnAboutOCDemo;
				PRODUCT_NAME = "$(TARGET_NAME)";
				TARGETED_DEVICE_FAMILY = "1,2";
			};
			name = Release;
		};
/* End XCBuildConfiguration section */

/* Begin XCConfigurationList section */
		1FAB3D50267B232B00DC4662 /* Build configuration list for PBXProject "LearnAboutOCDemo" */ = {
			isa = XCConfigurationList;
			buildConfigurations = (
				1FAB3D6C267B232E00DC4662 /* Debug */,
				1FAB3D6D267B232E00DC4662 /* Release */,
			);
			defaultConfigurationIsVisible = 0;
			defaultConfigurationName = Release;
		};
		1FAB3D6E267B232E00DC4662 /* Build configuration list for PBXNativeTarget "LearnAboutOCDemo" */ = {
			isa = XCConfigurationList;
			buildConfigurations = (
				1FAB3D6F267B232E00DC4662 /* Debug */,
				1FAB3D70267B232E00DC4662 /* Release */,
			);
			defaultConfigurationIsVisible = 0;
			defaultConfigurationName = Release;
		};
/* End XCConfigurationList section */
	};
	rootObject = 1FAB3D4D267B232B00DC4662 /* Project object */;
}
